PODS:
  - Realm (10.25.2):
    - Realm/Headers (= 10.25.2)
  - Realm/Headers (10.25.2)
  - RealmSwift (10.25.2):
    - Realm (= 10.25.2)
  - SDWebImage (5.12.5):
    - SDWebImage/Core (= 5.12.5)
  - SDWebImage/Core (5.12.5)
  - SwipeCellKit (2.7.1)

DEPENDENCIES:
  - RealmSwift
  - SDWebImage
  - SwipeCellKit

SPEC REPOS:
  trunk:
    - Realm
    - RealmSwift
    - SDWebImage
    - SwipeCellKit

SPEC CHECKSUMS:
  Realm: 978303663d0509166498f423d112e5ee97d4c91b
  RealmSwift: a0c30c1efc49e928a0a6f8fb141bb2629616d79b
  SDWebImage: 0905f1b7760fc8ac4198cae0036600d67478751e
  SwipeCellKit: 3972254a826da74609926daf59b08d6c72e619ea

PODFILE CHECKSUM: e2beb957878b86c572d51245bf2b5ce093ba2ee7

COCOAPODS: 1.10.1
